
Microsoft Visual Studio Solution File, Format Version 12.00
# Visual Studio Version 17
VisualStudioVersion = 17.1.32328.378
MinimumVisualStudioVersion = 10.0.40219.1
Project("{FAE04EC0-301F-11D3-BF4B-00C04F79EFBC}") = "FootballSearchBotDevelopmentV2", "FootballSearchBotDevelopmentV2\FootballSearchBotDevelopmentV2.csproj", "{769F2B93-D3E0-4FFC-B753-4E0F1CB3A0F9}"
EndProject
Global
	GlobalSection(SolutionConfigurationPlatforms) = preSolution
		Debug|Any CPU = Debug|Any CPU
		Release|Any CPU = Release|Any CPU
	EndGlobalSection
	GlobalSection(ProjectConfigurationPlatforms) = postSolution
		{769F2B93-D3E0-4FFC-B753-4E0F1CB3A0F9}.Debug|Any CPU.ActiveCfg = Debug|Any CPU
		{769F2B93-D3E0-4FFC-B753-4E0F1CB3A0F9}.Debug|Any CPU.Build.0 = Debug|Any CPU
		{769F2B93-D3E0-4FFC-B753-4E0F1CB3A0F9}.Release|Any CPU.ActiveCfg = Release|Any CPU
		{769F2B93-D3E0-4FFC-B753-4E0F1CB3A0F9}.Release|Any CPU.Build.0 = Release|Any CPU
	EndGlobalSection
	GlobalSection(SolutionProperties) = preSolution
		HideSolutionNode = FALSE
	EndGlobalSection
	GlobalSection(ExtensibilityGlobals) = postSolution
		SolutionGuid = {B2B36688-3A6C-44BE-889F-21195B031A85}
	EndGlobalSection
EndGlobal
